<?xml version="1.0" encoding="utf-8"?>
<Project ToolsVersion="4.0" xmlns="http://schemas.microsoft.com/developer/msbuild/2003">
  <ItemGroup>
    <Filter Include="Source Files">
      <UniqueIdentifier>{4FC737F1-C7A5-4376-A066-2A32D752A2FF}</UniqueIdentifier>
      <Extensions>cpp;c;cc;cxx;def;odl;idl;hpj;bat;asm;asmx</Extensions>
    </Filter>
    <Filter Include="Header Files">
      <UniqueIdentifier>{93995380-89BD-4b04-88EB-625FBE52EBFB}</UniqueIdentifier>
      <Extensions>h;hpp;hxx;hm;inl;inc;xsd</Extensions>
    </Filter>
    <Filter Include="Resource Files">
      <UniqueIdentifier>{67DA6AB6-F800-4c08-8B7A-83BB121AAD01}</UniqueIdentifier>
      <Extensions>rc;ico;cur;bmp;dlg;rc2;rct;bin;rgs;gif;jpg;jpeg;jpe;resx;tiff;tif;png;wav;mfcribbon-ms</Extensions>
    </Filter>
  </ItemGroup>
  <ItemGroup>
    <ClInclude Include="Record.h">
      <Filter>Source Files</Filter>
    </ClInclude>
    <ClInclude Include="Table.h">
      <Filter>Source Files</Filter>
    </ClInclude>
    <ClInclude Include="DataBase.h">
      <Filter>Source Files</Filter>
    </ClInclude>
    <ClInclude Include="Constraint.h">
      <Filter>Source Files</Filter>
    </ClInclude>
    <ClInclude Include="NotNullConstraint.h">
      <Filter>Source Files</Filter>
    </ClInclude>
    <ClInclude Include="UniqueConstraint.h">
      <Filter>Source Files</Filter>
    </ClInclude>
    <ClInclude Include="MaxLengthConstraint.h">
      <Filter>Source Files</Filter>
    </ClInclude>
    <ClInclude Include="Exception.h">
      <Filter>Source Files</Filter>
    </ClInclude>
    <ClInclude Include="NotNullException.h">
      <Filter>Source Files</Filter>
    </ClInclude>
    <ClInclude Include="MaxLengthException.h">
      <Filter>Source Files</Filter>
    </ClInclude>
    <ClInclude Include="UniqueException.h">
      <Filter>Source Files</Filter>
    </ClInclude>
    <ClInclude Include="DataBaseOperation.h">
      <Filter>Source Files</Filter>
    </ClInclude>
    <ClInclude Include="QueryParser.h">
      <Filter>Source Files</Filter>
    </ClInclude>
    <ClInclude Include="ParseException.h">
      <Filter>Source Files</Filter>
    </ClInclude>
    <ClInclude Include="AlreadyExistsException.h">
      <Filter>Source Files</Filter>
    </ClInclude>
    <ClInclude Include="UnknownColumnInTableException.h">
      <Filter>Source Files</Filter>
    </ClInclude>
    <ClInclude Include="UnknownTableException.h">
      <Filter>Source Files</Filter>
    </ClInclude>
    <ClInclude Include="CreateTableOperation.h">
      <Filter>Source Files</Filter>
    </ClInclude>
    <ClInclude Include="DeleteTableOperation.h">
      <Filter>Source Files</Filter>
    </ClInclude>
    <ClInclude Include="DeleteRecordOperation.h">
      <Filter>Source Files</Filter>
    </ClInclude>
    <ClInclude Include="InsertRecordOperation.h">
      <Filter>Source Files</Filter>
    </ClInclude>
    <ClInclude Include="SelectRecordOperation.h">
      <Filter>Source Files</Filter>
    </ClInclude>
  </ItemGroup>
  <ItemGroup>
    <ClCompile Include="DataBase.cpp">
      <Filter>Source Files</Filter>
    </ClCompile>
    <ClCompile Include="Record.cpp">
      <Filter>Source Files</Filter>
    </ClCompile>
    <ClCompile Include="Table.cpp">
      <Filter>Source Files</Filter>
    </ClCompile>
    <ClCompile Include="QueryParser.cpp">
      <Filter>Source Files</Filter>
    </ClCompile>
    <ClCompile Include="main.cpp">
      <Filter>Source Files</Filter>
    </ClCompile>
  </ItemGroup>
</Project>